
Microsoft Visual Studio Solution File, Format Version 12.00
# Visual Studio Version 16
VisualStudioVersion = 16.0.32901.82
MinimumVisualStudioVersion = 10.0.40219.1
Project("{8BC9CEB8-8B4A-11D0-8D11-00A0C91BC942}") = "lab-1-34", "lab-1-34.vcxproj", "{0CCF11D6-663E-466E-9A10-A0E44C85FD7E}"
EndProject
Global
	GlobalSection(SolutionConfigurationPlatforms) = preSolution
		Debug|x64 = Debug|x64
		Debug|x86 = Debug|x86
		Release|x64 = Release|x64
		Release|x86 = Release|x86
	EndGlobalSection
	GlobalSection(ProjectConfigurationPlatforms) = postSolution
		{0CCF11D6-663E-466E-9A10-A0E44C85FD7E}.Debug|x64.ActiveCfg = Debug|x64
		{0CCF11D6-663E-466E-9A10-A0E44C85FD7E}.Debug|x64.Build.0 = Debug|x64
		{0CCF11D6-663E-466E-9A10-A0E44C85FD7E}.Debug|x86.ActiveCfg = Debug|Win32
		{0CCF11D6-663E-466E-9A10-A0E44C85FD7E}.Debug|x86.Build.0 = Debug|Win32
		{0CCF11D6-663E-466E-9A10-A0E44C85FD7E}.Release|x64.ActiveCfg = Release|x64
		{0CCF11D6-663E-466E-9A10-A0E44C85FD7E}.Release|x64.Build.0 = Release|x64
		{0CCF11D6-663E-466E-9A10-A0E44C85FD7E}.Release|x86.ActiveCfg = Release|Win32
		{0CCF11D6-663E-466E-9A10-A0E44C85FD7E}.Release|x86.Build.0 = Release|Win32
	EndGlobalSection
	GlobalSection(SolutionProperties) = preSolution
		HideSolutionNode = FALSE
	EndGlobalSection
	GlobalSection(ExtensibilityGlobals) = postSolution
		SolutionGuid = {77DB0CD1-CEF1-4DE6-82DA-0144943E2912}
	EndGlobalSection
EndGlobal
