
Microsoft Visual Studio Solution File, Format Version 12.00
# Visual Studio Version 16
VisualStudioVersion = 16.0.31911.196
MinimumVisualStudioVersion = 10.0.40219.1
Project("{8BC9CEB8-8B4A-11D0-8D11-00A0C91BC942}") = "lab5", "lab5.vcxproj", "{6F903ED0-90A0-4283-AFD4-04C7A9BD6D63}"
EndProject
Global
	GlobalSection(SolutionConfigurationPlatforms) = preSolution
		Debug|x64 = Debug|x64
		Debug|x86 = Debug|x86
		Release|x64 = Release|x64
		Release|x86 = Release|x86
	EndGlobalSection
	GlobalSection(ProjectConfigurationPlatforms) = postSolution
		{6F903ED0-90A0-4283-AFD4-04C7A9BD6D63}.Debug|x64.ActiveCfg = Debug|x64
		{6F903ED0-90A0-4283-AFD4-04C7A9BD6D63}.Debug|x64.Build.0 = Debug|x64
		{6F903ED0-90A0-4283-AFD4-04C7A9BD6D63}.Debug|x86.ActiveCfg = Debug|Win32
		{6F903ED0-90A0-4283-AFD4-04C7A9BD6D63}.Debug|x86.Build.0 = Debug|Win32
		{6F903ED0-90A0-4283-AFD4-04C7A9BD6D63}.Release|x64.ActiveCfg = Release|x64
		{6F903ED0-90A0-4283-AFD4-04C7A9BD6D63}.Release|x64.Build.0 = Release|x64
		{6F903ED0-90A0-4283-AFD4-04C7A9BD6D63}.Release|x86.ActiveCfg = Release|Win32
		{6F903ED0-90A0-4283-AFD4-04C7A9BD6D63}.Release|x86.Build.0 = Release|Win32
	EndGlobalSection
	GlobalSection(SolutionProperties) = preSolution
		HideSolutionNode = FALSE
	EndGlobalSection
	GlobalSection(ExtensibilityGlobals) = postSolution
		SolutionGuid = {D5276FC4-F128-4C1F-8BD1-DC8CFEDBD7E7}
	EndGlobalSection
EndGlobal
